// !$*UTF8*$!
{
	archiveVersion = 1;
	classes = {
	};
	objectVersion = 55;
	objects = {

/* Begin PBXBuildFile section */
		CE11282428774314008144F8 /* AppDelegate.swift in Sources */ = {isa = PBXBuildFile; fileRef = CE11282328774314008144F8 /* AppDelegate.swift */; };
		CE480E1F288296F0006AD7D6 /* Model1-2.xcmappingmodel in Sources */ = {isa = PBXBuildFile; fileRef = CE480E1E288296F0006AD7D6 /* Model1-2.xcmappingmodel */; };
		CEA8AD082874C8E1003B6035 /* MainView.swift in Sources */ = {isa = PBXBuildFile; fileRef = CEA8AD072874C8E1003B6035 /* MainView.swift */; };
		CEA8AD0A2874C8E3003B6035 /* Assets.xcassets in Resources */ = {isa = PBXBuildFile; fileRef = CEA8AD092874C8E3003B6035 /* Assets.xcassets */; };
		CEA8AD0F2874C8E3003B6035 /* PasteboardService.swift in Sources */ = {isa = PBXBuildFile; fileRef = CEA8AD0E2874C8E3003B6035 /* PasteboardService.swift */; };
		CEA8AD372874CAA7003B6035 /* Model.xcdatamodeld in Sources */ = {isa = PBXBuildFile; fileRef = CEA8AD352874CAA7003B6035 /* Model.xcdatamodeld */; };
		D5A5573929DC1C0200FF69C7 /* ContentsView.swift in Sources */ = {isa = PBXBuildFile; fileRef = D5A5573829DC1C0200FF69C7 /* ContentsView.swift */; };
		D5A5573B29DC1F8100FF69C7 /* HeaderView.swift in Sources */ = {isa = PBXBuildFile; fileRef = D5A5573A29DC1F8100FF69C7 /* HeaderView.swift */; };
		D5A5573D29DC20A600FF69C7 /* FooterView.swift in Sources */ = {isa = PBXBuildFile; fileRef = D5A5573C29DC20A600FF69C7 /* FooterView.swift */; };
		D5A5573F29DC2EA400FF69C7 /* Extensions.swift in Sources */ = {isa = PBXBuildFile; fileRef = D5A5573E29DC2EA400FF69C7 /* Extensions.swift */; };
		D5A5574129DC343100FF69C7 /* ShortcutButtons.swift in Sources */ = {isa = PBXBuildFile; fileRef = D5A5574029DC343100FF69C7 /* ShortcutButtons.swift */; };
/* End PBXBuildFile section */

/* Begin PBXFileReference section */
		CE11282328774314008144F8 /* AppDelegate.swift */ = {isa = PBXFileReference; lastKnownFileType = sourcecode.swift; path = AppDelegate.swift; sourceTree = "<group>"; };
		CE480E1E288296F0006AD7D6 /* Model1-2.xcmappingmodel */ = {isa = PBXFileReference; lastKnownFileType = wrapper.xcmappingmodel; path = "Model1-2.xcmappingmodel"; sourceTree = "<group>"; };
		CE666B7D2881DE1C003BA0F7 /* Model2.xcdatamodel */ = {isa = PBXFileReference; lastKnownFileType = wrapper.xcdatamodel; path = Model2.xcdatamodel; sourceTree = "<group>"; };
		CEA8AD022874C8E1003B6035 /* CopyHistory.app */ = {isa = PBXFileReference; explicitFileType = wrapper.application; includeInIndex = 0; path = CopyHistory.app; sourceTree = BUILT_PRODUCTS_DIR; };
		CEA8AD072874C8E1003B6035 /* MainView.swift */ = {isa = PBXFileReference; lastKnownFileType = sourcecode.swift; path = MainView.swift; sourceTree = "<group>"; };
		CEA8AD092874C8E3003B6035 /* Assets.xcassets */ = {isa = PBXFileReference; lastKnownFileType = folder.assetcatalog; path = Assets.xcassets; sourceTree = "<group>"; };
		CEA8AD0E2874C8E3003B6035 /* PasteboardService.swift */ = {isa = PBXFileReference; lastKnownFileType = sourcecode.swift; path = PasteboardService.swift; sourceTree = "<group>"; };
		CEA8AD132874C8E3003B6035 /* CopyHistory.entitlements */ = {isa = PBXFileReference; lastKnownFileType = text.plist.entitlements; path = CopyHistory.entitlements; sourceTree = "<group>"; };
		CEA8AD362874CAA7003B6035 /* Model.xcdatamodel */ = {isa = PBXFileReference; lastKnownFileType = wrapper.xcdatamodel; path = Model.xcdatamodel; sourceTree = "<group>"; };
		D5A5573829DC1C0200FF69C7 /* ContentsView.swift */ = {isa = PBXFileReference; lastKnownFileType = sourcecode.swift; path = ContentsView.swift; sourceTree = "<group>"; };
		D5A5573A29DC1F8100FF69C7 /* HeaderView.swift */ = {isa = PBXFileReference; lastKnownFileType = sourcecode.swift; path = HeaderView.swift; sourceTree = "<group>"; };
		D5A5573C29DC20A600FF69C7 /* FooterView.swift */ = {isa = PBXFileReference; lastKnownFileType = sourcecode.swift; path = FooterView.swift; sourceTree = "<group>"; };
		D5A5573E29DC2EA400FF69C7 /* Extensions.swift */ = {isa = PBXFileReference; lastKnownFileType = sourcecode.swift; path = Extensions.swift; sourceTree = "<group>"; };
		D5A5574029DC343100FF69C7 /* ShortcutButtons.swift */ = {isa = PBXFileReference; lastKnownFileType = sourcecode.swift; path = ShortcutButtons.swift; sourceTree = "<group>"; };
		D5A5574529DCAEA900FF69C7 /* Model3.xcdatamodel */ = {isa = PBXFileReference; lastKnownFileType = wrapper.xcdatamodel; path = Model3.xcdatamodel; sourceTree = "<group>"; };
		D5EDFC3C287BA72300B4507F /* Info.plist */ = {isa = PBXFileReference; lastKnownFileType = text.plist; path = Info.plist; sourceTree = "<group>"; };
/* End PBXFileReference section */

/* Begin PBXFrameworksBuildPhase section */
		CEA8ACFF2874C8E1003B6035 /* Frameworks */ = {
			isa = PBXFrameworksBuildPhase;
			buildActionMask = 2147483647;
			files = (
			);
			runOnlyForDeploymentPostprocessing = 0;
		};
/* End PBXFrameworksBuildPhase section */

/* Begin PBXGroup section */
		CEA8ACF92874C8E1003B6035 = {
			isa = PBXGroup;
			children = (
				CEA8AD042874C8E1003B6035 /* CopyHistory */,
				CEA8AD032874C8E1003B6035 /* Products */,
			);
			sourceTree = "<group>";
		};
		CEA8AD032874C8E1003B6035 /* Products */ = {
			isa = PBXGroup;
			children = (
				CEA8AD022874C8E1003B6035 /* CopyHistory.app */,
			);
			name = Products;
			sourceTree = "<group>";
		};
		CEA8AD042874C8E1003B6035 /* CopyHistory */ = {
			isa = PBXGroup;
			children = (
				D5EDFC3C287BA72300B4507F /* Info.plist */,
				CE11282328774314008144F8 /* AppDelegate.swift */,
				CEA8AD0E2874C8E3003B6035 /* PasteboardService.swift */,
				D5A5573E29DC2EA400FF69C7 /* Extensions.swift */,
				D5A5573729DC1A4F00FF69C7 /* MainView */,
				CEA8AD092874C8E3003B6035 /* Assets.xcassets */,
				CEA8AD132874C8E3003B6035 /* CopyHistory.entitlements */,
				CE480E1E288296F0006AD7D6 /* Model1-2.xcmappingmodel */,
				CEA8AD352874CAA7003B6035 /* Model.xcdatamodeld */,
			);
			path = CopyHistory;
			sourceTree = "<group>";
		};
		D5A5573729DC1A4F00FF69C7 /* MainView */ = {
			isa = PBXGroup;
			children = (
				CEA8AD072874C8E1003B6035 /* MainView.swift */,
				D5A5573A29DC1F8100FF69C7 /* HeaderView.swift */,
				D5A5573829DC1C0200FF69C7 /* ContentsView.swift */,
				D5A5573C29DC20A600FF69C7 /* FooterView.swift */,
				D5A5574029DC343100FF69C7 /* ShortcutButtons.swift */,
			);
			path = MainView;
			sourceTree = "<group>";
		};
/* End PBXGroup section */

/* Begin PBXNativeTarget section */
		CEA8AD012874C8E1003B6035 /* CopyHistory */ = {
			isa = PBXNativeTarget;
			buildConfigurationList = CEA8AD2C2874C8E3003B6035 /* Build configuration list for PBXNativeTarget "CopyHistory" */;
			buildPhases = (
				CEA8ACFE2874C8E1003B6035 /* Sources */,
				CEA8ACFF2874C8E1003B6035 /* Frameworks */,
				CEA8AD002874C8E1003B6035 /* Resources */,
			);
			buildRules = (
			);
			dependencies = (
			);
			name = CopyHistory;
			productName = CopyHistory;
			productReference = CEA8AD022874C8E1003B6035 /* CopyHistory.app */;
			productType = "com.apple.product-type.application";
		};
/* End PBXNativeTarget section */

/* Begin PBXProject section */
		CEA8ACFA2874C8E1003B6035 /* Project object */ = {
			isa = PBXProject;
			attributes = {
				BuildIndependentTargetsInParallel = 1;
				LastSwiftUpdateCheck = 1330;
				LastUpgradeCheck = 1330;
				TargetAttributes = {
					CEA8AD012874C8E1003B6035 = {
						CreatedOnToolsVersion = 13.3;
					};
				};
			};
			buildConfigurationList = CEA8ACFD2874C8E1003B6035 /* Build configuration list for PBXProject "CopyHistory" */;
			compatibilityVersion = "Xcode 13.0";
			developmentRegion = en;
			hasScannedForEncodings = 0;
			knownRegions = (
				en,
				Base,
			);
			mainGroup = CEA8ACF92874C8E1003B6035;
			productRefGroup = CEA8AD032874C8E1003B6035 /* Products */;
			projectDirPath = "";
			projectRoot = "";
			targets = (
				CEA8AD012874C8E1003B6035 /* CopyHistory */,
			);
		};
/* End PBXProject section */

/* Begin PBXResourcesBuildPhase section */
		CEA8AD002874C8E1003B6035 /* Resources */ = {
			isa = PBXResourcesBuildPhase;
			buildActionMask = 2147483647;
			files = (
				CEA8AD0A2874C8E3003B6035 /* Assets.xcassets in Resources */,
			);
			runOnlyForDeploymentPostprocessing = 0;
		};
/* End PBXResourcesBuildPhase section */

/* Begin PBXSourcesBuildPhase section */
		CEA8ACFE2874C8E1003B6035 /* Sources */ = {
			isa = PBXSourcesBuildPhase;
			buildActionMask = 2147483647;
			files = (
				D5A5573929DC1C0200FF69C7 /* ContentsView.swift in Sources */,
				D5A5573F29DC2EA400FF69C7 /* Extensions.swift in Sources */,
				CEA8AD0F2874C8E3003B6035 /* PasteboardService.swift in Sources */,
				D5A5574129DC343100FF69C7 /* ShortcutButtons.swift in Sources */,
				CEA8AD372874CAA7003B6035 /* Model.xcdatamodeld in Sources */,
				CEA8AD082874C8E1003B6035 /* MainView.swift in Sources */,
				CE11282428774314008144F8 /* AppDelegate.swift in Sources */,
				D5A5573D29DC20A600FF69C7 /* FooterView.swift in Sources */,
				CE480E1F288296F0006AD7D6 /* Model1-2.xcmappingmodel in Sources */,
				D5A5573B29DC1F8100FF69C7 /* HeaderView.swift in Sources */,
			);
			runOnlyForDeploymentPostprocessing = 0;
		};
/* End PBXSourcesBuildPhase section */

/* Begin XCBuildConfiguration section */
		CEA8AD2A2874C8E3003B6035 /* Debug */ = {
			isa = XCBuildConfiguration;
			buildSettings = {
				ALWAYS_SEARCH_USER_PATHS = NO;
				CLANG_ANALYZER_NONNULL = YES;
				CLANG_ANALYZER_NUMBER_OBJECT_CONVERSION = YES_AGGRESSIVE;
				CLANG_CXX_LANGUAGE_STANDARD = "gnu++17";
				CLANG_ENABLE_MODULES = YES;
				CLANG_ENABLE_OBJC_ARC = YES;
				CLANG_ENABLE_OBJC_WEAK = YES;
				CLANG_WARN_BLOCK_CAPTURE_AUTORELEASING = YES;
				CLANG_WARN_BOOL_CONVERSION = YES;
				CLANG_WARN_COMMA = YES;
				CLANG_WARN_CONSTANT_CONVERSION = YES;
				CLANG_WARN_DEPRECATED_OBJC_IMPLEMENTATIONS = YES;
				CLANG_WARN_DIRECT_OBJC_ISA_USAGE = YES_ERROR;
				CLANG_WARN_DOCUMENTATION_COMMENTS = YES;
				CLANG_WARN_EMPTY_BODY = YES;
				CLANG_WARN_ENUM_CONVERSION = YES;
				CLANG_WARN_INFINITE_RECURSION = YES;
				CLANG_WARN_INT_CONVERSION = YES;
				CLANG_WARN_NON_LITERAL_NULL_CONVERSION = YES;
				CLANG_WARN_OBJC_IMPLICIT_RETAIN_SELF = YES;
				CLANG_WARN_OBJC_LITERAL_CONVERSION = YES;
				CLANG_WARN_OBJC_ROOT_CLASS = YES_ERROR;
				CLANG_WARN_QUOTED_INCLUDE_IN_FRAMEWORK_HEADER = YES;
				CLANG_WARN_RANGE_LOOP_ANALYSIS = YES;
				CLANG_WARN_STRICT_PROTOTYPES = YES;
				CLANG_WARN_SUSPICIOUS_MOVE = YES;
				CLANG_WARN_UNGUARDED_AVAILABILITY = YES_AGGRESSIVE;
				CLANG_WARN_UNREACHABLE_CODE = YES;
				CLANG_WARN__DUPLICATE_METHOD_MATCH = YES;
				COPY_PHASE_STRIP = NO;
				DEBUG_INFORMATION_FORMAT = dwarf;
				ENABLE_STRICT_OBJC_MSGSEND = YES;
				ENABLE_TESTABILITY = YES;
				GCC_C_LANGUAGE_STANDARD = gnu11;
				GCC_DYNAMIC_NO_PIC = NO;
				GCC_NO_COMMON_BLOCKS = YES;
				GCC_OPTIMIZATION_LEVEL = 0;
				GCC_PREPROCESSOR_DEFINITIONS = (
					"DEBUG=1",
					"$(inherited)",
				);
				GCC_WARN_64_TO_32_BIT_CONVERSION = YES;
				GCC_WARN_ABOUT_RETURN_TYPE = YES_ERROR;
				GCC_WARN_UNDECLARED_SELECTOR = YES;
				GCC_WARN_UNINITIALIZED_AUTOS = YES_AGGRESSIVE;
				GCC_WARN_UNUSED_FUNCTION = YES;
				GCC_WARN_UNUSED_VARIABLE = YES;
				MACOSX_DEPLOYMENT_TARGET = 12.0;
				MTL_ENABLE_DEBUG_INFO = INCLUDE_SOURCE;
				MTL_FAST_MATH = YES;
				ONLY_ACTIVE_ARCH = YES;
				SDKROOT = macosx;
				SWIFT_ACTIVE_COMPILATION_CONDITIONS = DEBUG;
				SWIFT_OPTIMIZATION_LEVEL = "-Onone";
			};
			name = Debug;
		};
		CEA8AD2B2874C8E3003B6035 /* Release */ = {
			isa = XCBuildConfiguration;
			buildSettings = {
				ALWAYS_SEARCH_USER_PATHS = NO;
				CLANG_ANALYZER_NONNULL = YES;
				CLANG_ANALYZER_NUMBER_OBJECT_CONVERSION = YES_AGGRESSIVE;
				CLANG_CXX_LANGUAGE_STANDARD = "gnu++17";
				CLANG_ENABLE_MODULES = YES;
				CLANG_ENABLE_OBJC_ARC = YES;
				CLANG_ENABLE_OBJC_WEAK = YES;
				CLANG_WARN_BLOCK_CAPTURE_AUTORELEASING = YES;
				CLANG_WARN_BOOL_CONVERSION = YES;
				CLANG_WARN_COMMA = YES;
				CLANG_WARN_CONSTANT_CONVERSION = YES;
				CLANG_WARN_DEPRECATED_OBJC_IMPLEMENTATIONS = YES;
				CLANG_WARN_DIRECT_OBJC_ISA_USAGE = YES_ERROR;
				CLANG_WARN_DOCUMENTATION_COMMENTS = YES;
				CLANG_WARN_EMPTY_BODY = YES;
				CLANG_WARN_ENUM_CONVERSION = YES;
				CLANG_WARN_INFINITE_RECURSION = YES;
				CLANG_WARN_INT_CONVERSION = YES;
				CLANG_WARN_NON_LITERAL_NULL_CONVERSION = YES;
				CLANG_WARN_OBJC_IMPLICIT_RETAIN_SELF = YES;
				CLANG_WARN_OBJC_LITERAL_CONVERSION = YES;
				CLANG_WARN_OBJC_ROOT_CLASS = YES_ERROR;
				CLANG_WARN_QUOTED_INCLUDE_IN_FRAMEWORK_HEADER = YES;
				CLANG_WARN_RANGE_LOOP_ANALYSIS = YES;
				CLANG_WARN_STRICT_PROTOTYPES = YES;
				CLANG_WARN_SUSPICIOUS_MOVE = YES;
				CLANG_WARN_UNGUARDED_AVAILABILITY = YES_AGGRESSIVE;
				CLANG_WARN_UNREACHABLE_CODE = YES;
				CLANG_WARN__DUPLICATE_METHOD_MATCH = YES;
				COPY_PHASE_STRIP = NO;
				DEBUG_INFORMATION_FORMAT = "dwarf-with-dsym";
				ENABLE_NS_ASSERTIONS = NO;
				ENABLE_STRICT_OBJC_MSGSEND = YES;
				GCC_C_LANGUAGE_STANDARD = gnu11;
				GCC_NO_COMMON_BLOCKS = YES;
				GCC_WARN_64_TO_32_BIT_CONVERSION = YES;
				GCC_WARN_ABOUT_RETURN_TYPE = YES_ERROR;
				GCC_WARN_UNDECLARED_SELECTOR = YES;
				GCC_WARN_UNINITIALIZED_AUTOS = YES_AGGRESSIVE;
				GCC_WARN_UNUSED_FUNCTION = YES;
				GCC_WARN_UNUSED_VARIABLE = YES;
				MACOSX_DEPLOYMENT_TARGET = 12.0;
				MTL_ENABLE_DEBUG_INFO = NO;
				MTL_FAST_MATH = YES;
				SDKROOT = macosx;
				SWIFT_COMPILATION_MODE = wholemodule;
				SWIFT_OPTIMIZATION_LEVEL = "-O";
			};
			name = Release;
		};
		CEA8AD2D2874C8E3003B6035 /* Debug */ = {
			isa = XCBuildConfiguration;
			buildSettings = {
				ASSETCATALOG_COMPILER_APPICON_NAME = AppIcon;
				ASSETCATALOG_COMPILER_GLOBAL_ACCENT_COLOR_NAME = AccentColor;
				CODE_SIGN_ENTITLEMENTS = CopyHistory/CopyHistory.entitlements;
				CODE_SIGN_STYLE = Automatic;
				COMBINE_HIDPI_IMAGES = YES;
				CURRENT_PROJECT_VERSION = 20;
				DEVELOPMENT_TEAM = H6UU7923NK;
				ENABLE_HARDENED_RUNTIME = YES;
				ENABLE_PREVIEWS = YES;
				GENERATE_INFOPLIST_FILE = YES;
				INFOPLIST_FILE = CopyHistory/Info.plist;
				INFOPLIST_KEY_CFBundleDisplayName = "Copy History Mark Ⅱ";
				INFOPLIST_KEY_LSApplicationCategoryType = "public.app-category.utilities";
				INFOPLIST_KEY_NSHumanReadableCopyright = "";
				LD_RUNPATH_SEARCH_PATHS = (
					"$(inherited)",
					"@executable_path/../Frameworks",
				);
				MACOSX_DEPLOYMENT_TARGET = 12.0;
				MARKETING_VERSION = 1.0.8;
				PRODUCT_BUNDLE_IDENTIFIER = "jp.po-miyasaka.CopyHistory.CopyHistory";
				PRODUCT_NAME = "$(TARGET_NAME)";
				SWIFT_EMIT_LOC_STRINGS = YES;
				SWIFT_VERSION = 5.0;
			};
			name = Debug;
		};
		CEA8AD2E2874C8E3003B6035 /* Release */ = {
			isa = XCBuildConfiguration;
			buildSettings = {
				ASSETCATALOG_COMPILER_APPICON_NAME = AppIcon;
				ASSETCATALOG_COMPILER_GLOBAL_ACCENT_COLOR_NAME = AccentColor;
				CODE_SIGN_ENTITLEMENTS = CopyHistory/CopyHistory.entitlements;
				CODE_SIGN_STYLE = Automatic;
				COMBINE_HIDPI_IMAGES = YES;
				CURRENT_PROJECT_VERSION = 20;
				DEVELOPMENT_TEAM = H6UU7923NK;
				ENABLE_HARDENED_RUNTIME = YES;
				ENABLE_PREVIEWS = YES;
				GENERATE_INFOPLIST_FILE = YES;
				INFOPLIST_FILE = CopyHistory/Info.plist;
				INFOPLIST_KEY_CFBundleDisplayName = "Copy History Mark Ⅱ";
				INFOPLIST_KEY_LSApplicationCategoryType = "public.app-category.utilities";
				INFOPLIST_KEY_NSHumanReadableCopyright = "";
				LD_RUNPATH_SEARCH_PATHS = (
					"$(inherited)",
					"@executable_path/../Frameworks",
				);
				MACOSX_DEPLOYMENT_TARGET = 12.0;
				MARKETING_VERSION = 1.0.8;
				PRODUCT_BUNDLE_IDENTIFIER = "jp.po-miyasaka.CopyHistory.CopyHistory";
				PRODUCT_NAME = "$(TARGET_NAME)";
				SWIFT_EMIT_LOC_STRINGS = YES;
				SWIFT_VERSION = 5.0;
			};
			name = Release;
		};
/* End XCBuildConfiguration section */

/* Begin XCConfigurationList section */
		CEA8ACFD2874C8E1003B6035 /* Build configuration list for PBXProject "CopyHistory" */ = {
			isa = XCConfigurationList;
			buildConfigurations = (
				CEA8AD2A2874C8E3003B6035 /* Debug */,
				CEA8AD2B2874C8E3003B6035 /* Release */,
			);
			defaultConfigurationIsVisible = 0;
			defaultConfigurationName = Release;
		};
		CEA8AD2C2874C8E3003B6035 /* Build configuration list for PBXNativeTarget "CopyHistory" */ = {
			isa = XCConfigurationList;
			buildConfigurations = (
				CEA8AD2D2874C8E3003B6035 /* Debug */,
				CEA8AD2E2874C8E3003B6035 /* Release */,
			);
			defaultConfigurationIsVisible = 0;
			defaultConfigurationName = Release;
		};
/* End XCConfigurationList section */

/* Begin XCVersionGroup section */
		CEA8AD352874CAA7003B6035 /* Model.xcdatamodeld */ = {
			isa = XCVersionGroup;
			children = (
				D5A5574529DCAEA900FF69C7 /* Model3.xcdatamodel */,
				CE666B7D2881DE1C003BA0F7 /* Model2.xcdatamodel */,
				CEA8AD362874CAA7003B6035 /* Model.xcdatamodel */,
			);
			currentVersion = D5A5574529DCAEA900FF69C7 /* Model3.xcdatamodel */;
			path = Model.xcdatamodeld;
			sourceTree = "<group>";
			versionGroupType = wrapper.xcdatamodel;
		};
/* End XCVersionGroup section */
	};
	rootObject = CEA8ACFA2874C8E1003B6035 /* Project object */;
}
